<?xml version="1.0" encoding="UTF-8"?>
<!DOCTYPE plist PUBLIC "-//Apple//DTD PLIST 1.0//EN" "http://www.apple.com/DTDs/PropertyList-1.0.dtd">
<plist version="1.0">
<dict>
	<key>archiveVersion</key>
	<string>1</string>
	<key>classes</key>
	<dict/>
	<key>objectVersion</key>
	<string>46</string>
	<key>objects</key>
	<dict>
		<key>307B6F08C2A94696B7492B4C</key>
		<dict>
			<key>explicitFileType</key>
			<string>archive.ar</string>
			<key>includeInIndex</key>
			<string>0</string>
			<key>isa</key>
			<string>PBXFileReference</string>
			<key>path</key>
			<string>libPods.a</string>
			<key>sourceTree</key>
			<string>BUILT_PRODUCTS_DIR</string>
		</dict>
		<key>392E336511A44D74A5E0A12E</key>
		<dict>
			<key>includeInIndex</key>
			<string>1</string>
			<key>isa</key>
			<string>PBXFileReference</string>
			<key>lastKnownFileType</key>
			<string>text.xcconfig</string>
			<key>name</key>
			<string>Pods.xcconfig</string>
			<key>path</key>
			<string>Pods/Pods.xcconfig</string>
			<key>sourceTree</key>
			<string>&lt;group&gt;</string>
		</dict>
		<key>3A1F3E64E355427AB6FF2FD4</key>
		<dict>
			<key>fileRef</key>
			<string>307B6F08C2A94696B7492B4C</string>
			<key>isa</key>
			<string>PBXBuildFile</string>
		</dict>
		<key>BAFC7FDD195F6F6F00E7B494</key>
		<dict>
			<key>children</key>
			<array>
				<string>BAFC7FEF195F6F6F00E7B494</string>
				<string>BAFC800E195F6F6F00E7B494</string>
				<string>BAFC7FE8195F6F6F00E7B494</string>
				<string>BAFC7FE7195F6F6F00E7B494</string>
				<string>392E336511A44D74A5E0A12E</string>
			</array>
			<key>isa</key>
			<string>PBXGroup</string>
			<key>sourceTree</key>
			<string>&lt;group&gt;</string>
		</dict>
		<key>BAFC7FDE195F6F6F00E7B494</key>
		<dict>
			<key>attributes</key>
			<dict>
				<key>LastUpgradeCheck</key>
				<string>0510</string>
				<key>ORGANIZATIONNAME</key>
				<string>Tonyf</string>
				<key>TargetAttributes</key>
				<dict>
					<key>BAFC8006195F6F6F00E7B494</key>
					<dict>
						<key>TestTargetID</key>
						<string>BAFC7FE5195F6F6F00E7B494</string>
					</dict>
				</dict>
			</dict>
			<key>buildConfigurationList</key>
			<string>BAFC7FE1195F6F6F00E7B494</string>
			<key>compatibilityVersion</key>
			<string>Xcode 3.2</string>
			<key>developmentRegion</key>
			<string>English</string>
			<key>hasScannedForEncodings</key>
			<string>0</string>
			<key>isa</key>
			<string>PBXProject</string>
			<key>knownRegions</key>
			<array>
				<string>en</string>
				<string>Base</string>
			</array>
			<key>mainGroup</key>
			<string>BAFC7FDD195F6F6F00E7B494</string>
			<key>productRefGroup</key>
			<string>BAFC7FE7195F6F6F00E7B494</string>
			<key>projectDirPath</key>
			<string></string>
			<key>projectReferences</key>
			<array/>
			<key>projectRoot</key>
			<string></string>
			<key>targets</key>
			<array>
				<string>BAFC7FE5195F6F6F00E7B494</string>
				<string>BAFC8006195F6F6F00E7B494</string>
			</array>
		</dict>
		<key>BAFC7FE1195F6F6F00E7B494</key>
		<dict>
			<key>buildConfigurations</key>
			<array>
				<string>BAFC8016195F6F7000E7B494</string>
				<string>BAFC8017195F6F7000E7B494</string>
			</array>
			<key>defaultConfigurationIsVisible</key>
			<string>0</string>
			<key>defaultConfigurationName</key>
			<string>Release</string>
			<key>isa</key>
			<string>XCConfigurationList</string>
		</dict>
		<key>BAFC7FE2195F6F6F00E7B494</key>
		<dict>
			<key>buildActionMask</key>
			<string>2147483647</string>
			<key>files</key>
			<array>
				<string>BAFC8056195F97D700E7B494</string>
				<string>BAFC803D195F7BCB00E7B494</string>
				<string>BAFC8028195F761100E7B494</string>
				<string>BAFC8044195F898900E7B494</string>
				<string>BAFC804C195F90AC00E7B494</string>
				<string>BAFC8030195F777400E7B494</string>
				<string>BAFC8000195F6F6F00E7B494</string>
				<string>BAFC7FFA195F6F6F00E7B494</string>
				<string>BAFC8021195F731C00E7B494</string>
				<string>BAFC7FF6195F6F6F00E7B494</string>
			</array>
			<key>isa</key>
			<string>PBXSourcesBuildPhase</string>
			<key>runOnlyForDeploymentPostprocessing</key>
			<string>0</string>
		</dict>
		<key>BAFC7FE3195F6F6F00E7B494</key>
		<dict>
			<key>buildActionMask</key>
			<string>2147483647</string>
			<key>files</key>
			<array>
				<string>BAFC7FEC195F6F6F00E7B494</string>
				<string>BAFC7FEE195F6F6F00E7B494</string>
				<string>BAFC7FEA195F6F6F00E7B494</string>
				<string>3A1F3E64E355427AB6FF2FD4</string>
			</array>
			<key>isa</key>
			<string>PBXFrameworksBuildPhase</string>
			<key>runOnlyForDeploymentPostprocessing</key>
			<string>0</string>
		</dict>
		<key>BAFC7FE4195F6F6F00E7B494</key>
		<dict>
			<key>buildActionMask</key>
			<string>2147483647</string>
			<key>files</key>
			<array>
				<string>BAFC8002195F6F6F00E7B494</string>
				<string>BAFC7FF4195F6F6F00E7B494</string>
				<string>BAFC7FFD195F6F6F00E7B494</string>
				<string>BAFC8031195F777400E7B494</string>
				<string>BAFC8055195F97D700E7B494</string>
			</array>
			<key>isa</key>
			<string>PBXResourcesBuildPhase</string>
			<key>runOnlyForDeploymentPostprocessing</key>
			<string>0</string>
		</dict>
		<key>BAFC7FE5195F6F6F00E7B494</key>
		<dict>
			<key>buildConfigurationList</key>
			<string>BAFC8018195F6F7000E7B494</string>
			<key>buildPhases</key>
			<array>
				<string>E1C90B2DBD554EDA96A62F52</string>
				<string>BAFC7FE2195F6F6F00E7B494</string>
				<string>BAFC7FE3195F6F6F00E7B494</string>
				<string>BAFC7FE4195F6F6F00E7B494</string>
				<string>BFB327C7D8E1494A9A9C1400</string>
			</array>
			<key>buildRules</key>
			<array/>
			<key>dependencies</key>
			<array/>
			<key>isa</key>
			<string>PBXNativeTarget</string>
			<key>name</key>
			<string>imageFormPod</string>
			<key>productName</key>
			<string>imageFormPod</string>
			<key>productReference</key>
			<string>BAFC7FE6195F6F6F00E7B494</string>
			<key>productType</key>
			<string>com.apple.product-type.application</string>
		</dict>
		<key>BAFC7FE6195F6F6F00E7B494</key>
		<dict>
			<key>explicitFileType</key>
			<string>wrapper.application</string>
			<key>includeInIndex</key>
			<string>0</string>
			<key>isa</key>
			<string>PBXFileReference</string>
			<key>path</key>
			<string>imageFormPod.app</string>
			<key>sourceTree</key>
			<string>BUILT_PRODUCTS_DIR</string>
		</dict>
		<key>BAFC7FE7195F6F6F00E7B494</key>
		<dict>
			<key>children</key>
			<array>
				<string>BAFC7FE6195F6F6F00E7B494</string>
				<string>BAFC8007195F6F6F00E7B494</string>
			</array>
			<key>isa</key>
			<string>PBXGroup</string>
			<key>name</key>
			<string>Products</string>
			<key>sourceTree</key>
			<string>&lt;group&gt;</string>
		</dict>
		<key>BAFC7FE8195F6F6F00E7B494</key>
		<dict>
			<key>children</key>
			<array>
				<string>BAFC7FE9195F6F6F00E7B494</string>
				<string>BAFC7FEB195F6F6F00E7B494</string>
				<string>BAFC7FED195F6F6F00E7B494</string>
				<string>BAFC8008195F6F6F00E7B494</string>
				<string>307B6F08C2A94696B7492B4C</string>
			</array>
			<key>isa</key>
			<string>PBXGroup</string>
			<key>name</key>
			<string>Frameworks</string>
			<key>sourceTree</key>
			<string>&lt;group&gt;</string>
		</dict>
		<key>BAFC7FE9195F6F6F00E7B494</key>
		<dict>
			<key>isa</key>
			<string>PBXFileReference</string>
			<key>lastKnownFileType</key>
			<string>wrapper.framework</string>
			<key>name</key>
			<string>Foundation.framework</string>
			<key>path</key>
			<string>System/Library/Frameworks/Foundation.framework</string>
			<key>sourceTree</key>
			<string>SDKROOT</string>
		</dict>
		<key>BAFC7FEA195F6F6F00E7B494</key>
		<dict>
			<key>fileRef</key>
			<string>BAFC7FE9195F6F6F00E7B494</string>
			<key>isa</key>
			<string>PBXBuildFile</string>
		</dict>
		<key>BAFC7FEB195F6F6F00E7B494</key>
		<dict>
			<key>isa</key>
			<string>PBXFileReference</string>
			<key>lastKnownFileType</key>
			<string>wrapper.framework</string>
			<key>name</key>
			<string>CoreGraphics.framework</string>
			<key>path</key>
			<string>System/Library/Frameworks/CoreGraphics.framework</string>
			<key>sourceTree</key>
			<string>SDKROOT</string>
		</dict>
		<key>BAFC7FEC195F6F6F00E7B494</key>
		<dict>
			<key>fileRef</key>
			<string>BAFC7FEB195F6F6F00E7B494</string>
			<key>isa</key>
			<string>PBXBuildFile</string>
		</dict>
		<key>BAFC7FED195F6F6F00E7B494</key>
		<dict>
			<key>isa</key>
			<string>PBXFileReference</string>
			<key>lastKnownFileType</key>
			<string>wrapper.framework</string>
			<key>name</key>
			<string>UIKit.framework</string>
			<key>path</key>
			<string>System/Library/Frameworks/UIKit.framework</string>
			<key>sourceTree</key>
			<string>SDKROOT</string>
		</dict>
		<key>BAFC7FEE195F6F6F00E7B494</key>
		<dict>
			<key>fileRef</key>
			<string>BAFC7FED195F6F6F00E7B494</string>
			<key>isa</key>
			<string>PBXBuildFile</string>
		</dict>
		<key>BAFC7FEF195F6F6F00E7B494</key>
		<dict>
			<key>children</key>
			<array>
				<string>BAFC801E195F72D200E7B494</string>
				<string>BAFC7FF8195F6F6F00E7B494</string>
				<string>BAFC7FF9195F6F6F00E7B494</string>
				<string>BAFC7FFB195F6F6F00E7B494</string>
				<string>BAFC7FFE195F6F6F00E7B494</string>
				<string>BAFC7FFF195F6F6F00E7B494</string>
				<string>BAFC8001195F6F6F00E7B494</string>
				<string>BAFC7FF0195F6F6F00E7B494</string>
			</array>
			<key>isa</key>
			<string>PBXGroup</string>
			<key>path</key>
			<string>imageFormPod</string>
			<key>sourceTree</key>
			<string>&lt;group&gt;</string>
		</dict>
		<key>BAFC7FF0195F6F6F00E7B494</key>
		<dict>
			<key>children</key>
			<array>
				<string>BAFC7FF1195F6F6F00E7B494</string>
				<string>BAFC7FF2195F6F6F00E7B494</string>
				<string>BAFC7FF5195F6F6F00E7B494</string>
				<string>BAFC7FF7195F6F6F00E7B494</string>
			</array>
			<key>isa</key>
			<string>PBXGroup</string>
			<key>name</key>
			<string>Supporting Files</string>
			<key>sourceTree</key>
			<string>&lt;group&gt;</string>
		</dict>
		<key>BAFC7FF1195F6F6F00E7B494</key>
		<dict>
			<key>isa</key>
			<string>PBXFileReference</string>
			<key>lastKnownFileType</key>
			<string>text.plist.xml</string>
			<key>path</key>
			<string>imageFormPod-Info.plist</string>
			<key>sourceTree</key>
			<string>&lt;group&gt;</string>
		</dict>
		<key>BAFC7FF2195F6F6F00E7B494</key>
		<dict>
			<key>children</key>
			<array>
				<string>BAFC7FF3195F6F6F00E7B494</string>
			</array>
			<key>isa</key>
			<string>PBXVariantGroup</string>
			<key>name</key>
			<string>InfoPlist.strings</string>
			<key>sourceTree</key>
			<string>&lt;group&gt;</string>
		</dict>
		<key>BAFC7FF3195F6F6F00E7B494</key>
		<dict>
			<key>isa</key>
			<string>PBXFileReference</string>
			<key>lastKnownFileType</key>
			<string>text.plist.strings</string>
			<key>name</key>
			<string>en</string>
			<key>path</key>
			<string>en.lproj/InfoPlist.strings</string>
			<key>sourceTree</key>
			<string>&lt;group&gt;</string>
		</dict>
		<key>BAFC7FF4195F6F6F00E7B494</key>
		<dict>
			<key>fileRef</key>
			<string>BAFC7FF2195F6F6F00E7B494</string>
			<key>isa</key>
			<string>PBXBuildFile</string>
		</dict>
		<key>BAFC7FF5195F6F6F00E7B494</key>
		<dict>
			<key>isa</key>
			<string>PBXFileReference</string>
			<key>lastKnownFileType</key>
			<string>sourcecode.c.objc</string>
			<key>path</key>
			<string>main.m</string>
			<key>sourceTree</key>
			<string>&lt;group&gt;</string>
		</dict>
		<key>BAFC7FF6195F6F6F00E7B494</key>
		<dict>
			<key>fileRef</key>
			<string>BAFC7FF5195F6F6F00E7B494</string>
			<key>isa</key>
			<string>PBXBuildFile</string>
		</dict>
		<key>BAFC7FF7195F6F6F00E7B494</key>
		<dict>
			<key>isa</key>
			<string>PBXFileReference</string>
			<key>lastKnownFileType</key>
			<string>sourcecode.c.h</string>
			<key>path</key>
			<string>imageFormPod-Prefix.pch</string>
			<key>sourceTree</key>
			<string>&lt;group&gt;</string>
		</dict>
		<key>BAFC7FF8195F6F6F00E7B494</key>
		<dict>
			<key>isa</key>
			<string>PBXFileReference</string>
			<key>lastKnownFileType</key>
			<string>sourcecode.c.h</string>
			<key>path</key>
			<string>AppDelegate.h</string>
			<key>sourceTree</key>
			<string>&lt;group&gt;</string>
		</dict>
		<key>BAFC7FF9195F6F6F00E7B494</key>
		<dict>
			<key>isa</key>
			<string>PBXFileReference</string>
			<key>lastKnownFileType</key>
			<string>sourcecode.c.objc</string>
			<key>path</key>
			<string>AppDelegate.m</string>
			<key>sourceTree</key>
			<string>&lt;group&gt;</string>
		</dict>
		<key>BAFC7FFA195F6F6F00E7B494</key>
		<dict>
			<key>fileRef</key>
			<string>BAFC7FF9195F6F6F00E7B494</string>
			<key>isa</key>
			<string>PBXBuildFile</string>
		</dict>
		<key>BAFC7FFB195F6F6F00E7B494</key>
		<dict>
			<key>children</key>
			<array>
				<string>BAFC7FFC195F6F6F00E7B494</string>
			</array>
			<key>isa</key>
			<string>PBXVariantGroup</string>
			<key>name</key>
			<string>Main.storyboard</string>
			<key>sourceTree</key>
			<string>&lt;group&gt;</string>
		</dict>
		<key>BAFC7FFC195F6F6F00E7B494</key>
		<dict>
			<key>isa</key>
			<string>PBXFileReference</string>
			<key>lastKnownFileType</key>
			<string>file.storyboard</string>
			<key>name</key>
			<string>Base</string>
			<key>path</key>
			<string>Base.lproj/Main.storyboard</string>
			<key>sourceTree</key>
			<string>&lt;group&gt;</string>
		</dict>
		<key>BAFC7FFD195F6F6F00E7B494</key>
		<dict>
			<key>fileRef</key>
			<string>BAFC7FFB195F6F6F00E7B494</string>
			<key>isa</key>
			<string>PBXBuildFile</string>
		</dict>
		<key>BAFC7FFE195F6F6F00E7B494</key>
		<dict>
			<key>isa</key>
			<string>PBXFileReference</string>
			<key>lastKnownFileType</key>
			<string>sourcecode.c.h</string>
			<key>path</key>
			<string>ViewController.h</string>
			<key>sourceTree</key>
			<string>&lt;group&gt;</string>
		</dict>
		<key>BAFC7FFF195F6F6F00E7B494</key>
		<dict>
			<key>isa</key>
			<string>PBXFileReference</string>
			<key>lastKnownFileType</key>
			<string>sourcecode.c.objc</string>
			<key>path</key>
			<string>ViewController.m</string>
			<key>sourceTree</key>
			<string>&lt;group&gt;</string>
		</dict>
		<key>BAFC8000195F6F6F00E7B494</key>
		<dict>
			<key>fileRef</key>
			<string>BAFC7FFF195F6F6F00E7B494</string>
			<key>isa</key>
			<string>PBXBuildFile</string>
		</dict>
		<key>BAFC8001195F6F6F00E7B494</key>
		<dict>
			<key>isa</key>
			<string>PBXFileReference</string>
			<key>lastKnownFileType</key>
			<string>folder.assetcatalog</string>
			<key>path</key>
			<string>Images.xcassets</string>
			<key>sourceTree</key>
			<string>&lt;group&gt;</string>
		</dict>
		<key>BAFC8002195F6F6F00E7B494</key>
		<dict>
			<key>fileRef</key>
			<string>BAFC8001195F6F6F00E7B494</string>
			<key>isa</key>
			<string>PBXBuildFile</string>
		</dict>
		<key>BAFC8003195F6F6F00E7B494</key>
		<dict>
			<key>buildActionMask</key>
			<string>2147483647</string>
			<key>files</key>
			<array>
				<string>BAFC8015195F6F6F00E7B494</string>
			</array>
			<key>isa</key>
			<string>PBXSourcesBuildPhase</string>
			<key>runOnlyForDeploymentPostprocessing</key>
			<string>0</string>
		</dict>
		<key>BAFC8004195F6F6F00E7B494</key>
		<dict>
			<key>buildActionMask</key>
			<string>2147483647</string>
			<key>files</key>
			<array>
				<string>BAFC8009195F6F6F00E7B494</string>
				<string>BAFC800B195F6F6F00E7B494</string>
				<string>BAFC800A195F6F6F00E7B494</string>
			</array>
			<key>isa</key>
			<string>PBXFrameworksBuildPhase</string>
			<key>runOnlyForDeploymentPostprocessing</key>
			<string>0</string>
		</dict>
		<key>BAFC8005195F6F6F00E7B494</key>
		<dict>
			<key>buildActionMask</key>
			<string>2147483647</string>
			<key>files</key>
			<array>
				<string>BAFC8013195F6F6F00E7B494</string>
			</array>
			<key>isa</key>
			<string>PBXResourcesBuildPhase</string>
			<key>runOnlyForDeploymentPostprocessing</key>
			<string>0</string>
		</dict>
		<key>BAFC8006195F6F6F00E7B494</key>
		<dict>
			<key>buildConfigurationList</key>
			<string>BAFC801B195F6F7000E7B494</string>
			<key>buildPhases</key>
			<array>
				<string>BAFC8003195F6F6F00E7B494</string>
				<string>BAFC8004195F6F6F00E7B494</string>
				<string>BAFC8005195F6F6F00E7B494</string>
			</array>
			<key>buildRules</key>
			<array/>
			<key>dependencies</key>
			<array>
				<string>BAFC800D195F6F6F00E7B494</string>
			</array>
			<key>isa</key>
			<string>PBXNativeTarget</string>
			<key>name</key>
			<string>imageFormPodTests</string>
			<key>productName</key>
			<string>imageFormPodTests</string>
			<key>productReference</key>
			<string>BAFC8007195F6F6F00E7B494</string>
			<key>productType</key>
			<string>com.apple.product-type.bundle.unit-test</string>
		</dict>
		<key>BAFC8007195F6F6F00E7B494</key>
		<dict>
			<key>explicitFileType</key>
			<string>wrapper.cfbundle</string>
			<key>includeInIndex</key>
			<string>0</string>
			<key>isa</key>
			<string>PBXFileReference</string>
			<key>path</key>
			<string>imageFormPodTests.xctest</string>
			<key>sourceTree</key>
			<string>BUILT_PRODUCTS_DIR</string>
		</dict>
		<key>BAFC8008195F6F6F00E7B494</key>
		<dict>
			<key>isa</key>
			<string>PBXFileReference</string>
			<key>lastKnownFileType</key>
			<string>wrapper.framework</string>
			<key>name</key>
			<string>XCTest.framework</string>
			<key>path</key>
			<string>Library/Frameworks/XCTest.framework</string>
			<key>sourceTree</key>
			<string>DEVELOPER_DIR</string>
		</dict>
		<key>BAFC8009195F6F6F00E7B494</key>
		<dict>
			<key>fileRef</key>
			<string>BAFC8008195F6F6F00E7B494</string>
			<key>isa</key>
			<string>PBXBuildFile</string>
		</dict>
		<key>BAFC800A195F6F6F00E7B494</key>
		<dict>
			<key>fileRef</key>
			<string>BAFC7FE9195F6F6F00E7B494</string>
			<key>isa</key>
			<string>PBXBuildFile</string>
		</dict>
		<key>BAFC800B195F6F6F00E7B494</key>
		<dict>
			<key>fileRef</key>
			<string>BAFC7FED195F6F6F00E7B494</string>
			<key>isa</key>
			<string>PBXBuildFile</string>
		</dict>
		<key>BAFC800C195F6F6F00E7B494</key>
		<dict>
			<key>containerPortal</key>
			<string>BAFC7FDE195F6F6F00E7B494</string>
			<key>isa</key>
			<string>PBXContainerItemProxy</string>
			<key>proxyType</key>
			<string>1</string>
			<key>remoteGlobalIDString</key>
			<string>BAFC7FE5195F6F6F00E7B494</string>
			<key>remoteInfo</key>
			<string>imageFormPod</string>
		</dict>
		<key>BAFC800D195F6F6F00E7B494</key>
		<dict>
			<key>isa</key>
			<string>PBXTargetDependency</string>
			<key>target</key>
			<string>BAFC7FE5195F6F6F00E7B494</string>
			<key>targetProxy</key>
			<string>BAFC800C195F6F6F00E7B494</string>
		</dict>
		<key>BAFC800E195F6F6F00E7B494</key>
		<dict>
			<key>children</key>
			<array>
				<string>BAFC8014195F6F6F00E7B494</string>
				<string>BAFC800F195F6F6F00E7B494</string>
			</array>
			<key>isa</key>
			<string>PBXGroup</string>
			<key>path</key>
			<string>imageFormPodTests</string>
			<key>sourceTree</key>
			<string>&lt;group&gt;</string>
		</dict>
		<key>BAFC800F195F6F6F00E7B494</key>
		<dict>
			<key>children</key>
			<array>
				<string>BAFC8010195F6F6F00E7B494</string>
				<string>BAFC8011195F6F6F00E7B494</string>
			</array>
			<key>isa</key>
			<string>PBXGroup</string>
			<key>name</key>
			<string>Supporting Files</string>
			<key>sourceTree</key>
			<string>&lt;group&gt;</string>
		</dict>
		<key>BAFC8010195F6F6F00E7B494</key>
		<dict>
			<key>isa</key>
			<string>PBXFileReference</string>
			<key>lastKnownFileType</key>
			<string>text.plist.xml</string>
			<key>path</key>
			<string>imageFormPodTests-Info.plist</string>
			<key>sourceTree</key>
			<string>&lt;group&gt;</string>
		</dict>
		<key>BAFC8011195F6F6F00E7B494</key>
		<dict>
			<key>children</key>
			<array>
				<string>BAFC8012195F6F6F00E7B494</string>
			</array>
			<key>isa</key>
			<string>PBXVariantGroup</string>
			<key>name</key>
			<string>InfoPlist.strings</string>
			<key>sourceTree</key>
			<string>&lt;group&gt;</string>
		</dict>
		<key>BAFC8012195F6F6F00E7B494</key>
		<dict>
			<key>isa</key>
			<string>PBXFileReference</string>
			<key>lastKnownFileType</key>
			<string>text.plist.strings</string>
			<key>name</key>
			<string>en</string>
			<key>path</key>
			<string>en.lproj/InfoPlist.strings</string>
			<key>sourceTree</key>
			<string>&lt;group&gt;</string>
		</dict>
		<key>BAFC8013195F6F6F00E7B494</key>
		<dict>
			<key>fileRef</key>
			<string>BAFC8011195F6F6F00E7B494</string>
			<key>isa</key>
			<string>PBXBuildFile</string>
		</dict>
		<key>BAFC8014195F6F6F00E7B494</key>
		<dict>
			<key>isa</key>
			<string>PBXFileReference</string>
			<key>lastKnownFileType</key>
			<string>sourcecode.c.objc</string>
			<key>path</key>
			<string>imageFormPodTests.m</string>
			<key>sourceTree</key>
			<string>&lt;group&gt;</string>
		</dict>
		<key>BAFC8015195F6F6F00E7B494</key>
		<dict>
			<key>fileRef</key>
			<string>BAFC8014195F6F6F00E7B494</string>
			<key>isa</key>
			<string>PBXBuildFile</string>
		</dict>
		<key>BAFC8016195F6F7000E7B494</key>
		<dict>
			<key>buildSettings</key>
			<dict>
				<key>ALWAYS_SEARCH_USER_PATHS</key>
				<string>NO</string>
				<key>CLANG_CXX_LANGUAGE_STANDARD</key>
				<string>gnu++0x</string>
				<key>CLANG_CXX_LIBRARY</key>
				<string>libc++</string>
				<key>CLANG_ENABLE_MODULES</key>
				<string>YES</string>
				<key>CLANG_ENABLE_OBJC_ARC</key>
				<string>YES</string>
				<key>CLANG_WARN_BOOL_CONVERSION</key>
				<string>YES</string>
				<key>CLANG_WARN_CONSTANT_CONVERSION</key>
				<string>YES</string>
				<key>CLANG_WARN_DIRECT_OBJC_ISA_USAGE</key>
				<string>YES_ERROR</string>
				<key>CLANG_WARN_EMPTY_BODY</key>
				<string>YES</string>
				<key>CLANG_WARN_ENUM_CONVERSION</key>
				<string>YES</string>
				<key>CLANG_WARN_INT_CONVERSION</key>
				<string>YES</string>
				<key>CLANG_WARN_OBJC_ROOT_CLASS</key>
				<string>YES_ERROR</string>
				<key>CLANG_WARN__DUPLICATE_METHOD_MATCH</key>
				<string>YES</string>
				<key>CODE_SIGN_IDENTITY[sdk=iphoneos*]</key>
				<string>iPhone Developer</string>
				<key>COPY_PHASE_STRIP</key>
				<string>NO</string>
				<key>GCC_C_LANGUAGE_STANDARD</key>
				<string>gnu99</string>
				<key>GCC_DYNAMIC_NO_PIC</key>
				<string>NO</string>
				<key>GCC_OPTIMIZATION_LEVEL</key>
				<string>0</string>
				<key>GCC_PREPROCESSOR_DEFINITIONS</key>
				<array>
					<string>DEBUG=1</string>
					<string>$(inherited)</string>
				</array>
				<key>GCC_SYMBOLS_PRIVATE_EXTERN</key>
				<string>NO</string>
				<key>GCC_WARN_64_TO_32_BIT_CONVERSION</key>
				<string>YES</string>
				<key>GCC_WARN_ABOUT_RETURN_TYPE</key>
				<string>YES_ERROR</string>
				<key>GCC_WARN_UNDECLARED_SELECTOR</key>
				<string>YES</string>
				<key>GCC_WARN_UNINITIALIZED_AUTOS</key>
				<string>YES_AGGRESSIVE</string>
				<key>GCC_WARN_UNUSED_FUNCTION</key>
				<string>YES</string>
				<key>GCC_WARN_UNUSED_VARIABLE</key>
				<string>YES</string>
				<key>IPHONEOS_DEPLOYMENT_TARGET</key>
				<string>7.1</string>
				<key>ONLY_ACTIVE_ARCH</key>
				<string>YES</string>
				<key>SDKROOT</key>
				<string>iphoneos</string>
				<key>TARGETED_DEVICE_FAMILY</key>
				<string>2</string>
			</dict>
			<key>isa</key>
			<string>XCBuildConfiguration</string>
			<key>name</key>
			<string>Debug</string>
		</dict>
		<key>BAFC8017195F6F7000E7B494</key>
		<dict>
			<key>buildSettings</key>
			<dict>
				<key>ALWAYS_SEARCH_USER_PATHS</key>
				<string>NO</string>
				<key>CLANG_CXX_LANGUAGE_STANDARD</key>
				<string>gnu++0x</string>
				<key>CLANG_CXX_LIBRARY</key>
				<string>libc++</string>
				<key>CLANG_ENABLE_MODULES</key>
				<string>YES</string>
				<key>CLANG_ENABLE_OBJC_ARC</key>
				<string>YES</string>
				<key>CLANG_WARN_BOOL_CONVERSION</key>
				<string>YES</string>
				<key>CLANG_WARN_CONSTANT_CONVERSION</key>
				<string>YES</string>
				<key>CLANG_WARN_DIRECT_OBJC_ISA_USAGE</key>
				<string>YES_ERROR</string>
				<key>CLANG_WARN_EMPTY_BODY</key>
				<string>YES</string>
				<key>CLANG_WARN_ENUM_CONVERSION</key>
				<string>YES</string>
				<key>CLANG_WARN_INT_CONVERSION</key>
				<string>YES</string>
				<key>CLANG_WARN_OBJC_ROOT_CLASS</key>
				<string>YES_ERROR</string>
				<key>CLANG_WARN__DUPLICATE_METHOD_MATCH</key>
				<string>YES</string>
				<key>CODE_SIGN_IDENTITY[sdk=iphoneos*]</key>
				<string>iPhone Developer</string>
				<key>COPY_PHASE_STRIP</key>
				<string>YES</string>
				<key>ENABLE_NS_ASSERTIONS</key>
				<string>NO</string>
				<key>GCC_C_LANGUAGE_STANDARD</key>
				<string>gnu99</string>
				<key>GCC_WARN_64_TO_32_BIT_CONVERSION</key>
				<string>YES</string>
				<key>GCC_WARN_ABOUT_RETURN_TYPE</key>
				<string>YES_ERROR</string>
				<key>GCC_WARN_UNDECLARED_SELECTOR</key>
				<string>YES</string>
				<key>GCC_WARN_UNINITIALIZED_AUTOS</key>
				<string>YES_AGGRESSIVE</string>
				<key>GCC_WARN_UNUSED_FUNCTION</key>
				<string>YES</string>
				<key>GCC_WARN_UNUSED_VARIABLE</key>
				<string>YES</string>
				<key>IPHONEOS_DEPLOYMENT_TARGET</key>
				<string>7.1</string>
				<key>SDKROOT</key>
				<string>iphoneos</string>
				<key>TARGETED_DEVICE_FAMILY</key>
				<string>2</string>
				<key>VALIDATE_PRODUCT</key>
				<string>YES</string>
			</dict>
			<key>isa</key>
			<string>XCBuildConfiguration</string>
			<key>name</key>
			<string>Release</string>
		</dict>
		<key>BAFC8018195F6F7000E7B494</key>
		<dict>
			<key>buildConfigurations</key>
			<array>
				<string>BAFC8019195F6F7000E7B494</string>
				<string>BAFC801A195F6F7000E7B494</string>
			</array>
			<key>defaultConfigurationIsVisible</key>
			<string>0</string>
			<key>defaultConfigurationName</key>
			<string>Release</string>
			<key>isa</key>
			<string>XCConfigurationList</string>
		</dict>
		<key>BAFC8019195F6F7000E7B494</key>
		<dict>
			<key>baseConfigurationReference</key>
			<string>392E336511A44D74A5E0A12E</string>
			<key>buildSettings</key>
			<dict>
				<key>ASSETCATALOG_COMPILER_APPICON_NAME</key>
				<string>AppIcon</string>
				<key>ASSETCATALOG_COMPILER_LAUNCHIMAGE_NAME</key>
				<string>LaunchImage</string>
				<key>GCC_PRECOMPILE_PREFIX_HEADER</key>
				<string>YES</string>
				<key>GCC_PREFIX_HEADER</key>
				<string>imageFormPod/imageFormPod-Prefix.pch</string>
				<key>INFOPLIST_FILE</key>
				<string>imageFormPod/imageFormPod-Info.plist</string>
				<key>PRODUCT_NAME</key>
				<string>$(TARGET_NAME)</string>
				<key>WRAPPER_EXTENSION</key>
				<string>app</string>
			</dict>
			<key>isa</key>
			<string>XCBuildConfiguration</string>
			<key>name</key>
			<string>Debug</string>
		</dict>
		<key>BAFC801A195F6F7000E7B494</key>
		<dict>
			<key>baseConfigurationReference</key>
			<string>392E336511A44D74A5E0A12E</string>
			<key>buildSettings</key>
			<dict>
				<key>ASSETCATALOG_COMPILER_APPICON_NAME</key>
				<string>AppIcon</string>
				<key>ASSETCATALOG_COMPILER_LAUNCHIMAGE_NAME</key>
				<string>LaunchImage</string>
				<key>GCC_PRECOMPILE_PREFIX_HEADER</key>
				<string>YES</string>
				<key>GCC_PREFIX_HEADER</key>
				<string>imageFormPod/imageFormPod-Prefix.pch</string>
				<key>INFOPLIST_FILE</key>
				<string>imageFormPod/imageFormPod-Info.plist</string>
				<key>PRODUCT_NAME</key>
				<string>$(TARGET_NAME)</string>
				<key>WRAPPER_EXTENSION</key>
				<string>app</string>
			</dict>
			<key>isa</key>
			<string>XCBuildConfiguration</string>
			<key>name</key>
			<string>Release</string>
		</dict>
		<key>BAFC801B195F6F7000E7B494</key>
		<dict>
			<key>buildConfigurations</key>
			<array>
				<string>BAFC801C195F6F7000E7B494</string>
				<string>BAFC801D195F6F7000E7B494</string>
			</array>
			<key>defaultConfigurationIsVisible</key>
			<string>0</string>
			<key>defaultConfigurationName</key>
			<string>Release</string>
			<key>isa</key>
			<string>XCConfigurationList</string>
		</dict>
		<key>BAFC801C195F6F7000E7B494</key>
		<dict>
			<key>buildSettings</key>
			<dict>
				<key>BUNDLE_LOADER</key>
				<string>$(BUILT_PRODUCTS_DIR)/imageFormPod.app/imageFormPod</string>
				<key>FRAMEWORK_SEARCH_PATHS</key>
				<array>
					<string>$(SDKROOT)/Developer/Library/Frameworks</string>
					<string>$(inherited)</string>
					<string>$(DEVELOPER_FRAMEWORKS_DIR)</string>
				</array>
				<key>GCC_PRECOMPILE_PREFIX_HEADER</key>
				<string>YES</string>
				<key>GCC_PREFIX_HEADER</key>
				<string>imageFormPod/imageFormPod-Prefix.pch</string>
				<key>GCC_PREPROCESSOR_DEFINITIONS</key>
				<array>
					<string>DEBUG=1</string>
					<string>$(inherited)</string>
				</array>
				<key>INFOPLIST_FILE</key>
				<string>imageFormPodTests/imageFormPodTests-Info.plist</string>
				<key>PRODUCT_NAME</key>
				<string>$(TARGET_NAME)</string>
				<key>TEST_HOST</key>
				<string>$(BUNDLE_LOADER)</string>
				<key>WRAPPER_EXTENSION</key>
				<string>xctest</string>
			</dict>
			<key>isa</key>
			<string>XCBuildConfiguration</string>
			<key>name</key>
			<string>Debug</string>
		</dict>
		<key>BAFC801D195F6F7000E7B494</key>
		<dict>
			<key>buildSettings</key>
			<dict>
				<key>BUNDLE_LOADER</key>
				<string>$(BUILT_PRODUCTS_DIR)/imageFormPod.app/imageFormPod</string>
				<key>FRAMEWORK_SEARCH_PATHS</key>
				<array>
					<string>$(SDKROOT)/Developer/Library/Frameworks</string>
					<string>$(inherited)</string>
					<string>$(DEVELOPER_FRAMEWORKS_DIR)</string>
				</array>
				<key>GCC_PRECOMPILE_PREFIX_HEADER</key>
				<string>YES</string>
				<key>GCC_PREFIX_HEADER</key>
				<string>imageFormPod/imageFormPod-Prefix.pch</string>
				<key>INFOPLIST_FILE</key>
				<string>imageFormPodTests/imageFormPodTests-Info.plist</string>
				<key>PRODUCT_NAME</key>
				<string>$(TARGET_NAME)</string>
				<key>TEST_HOST</key>
				<string>$(BUNDLE_LOADER)</string>
				<key>WRAPPER_EXTENSION</key>
				<string>xctest</string>
			</dict>
			<key>isa</key>
			<string>XCBuildConfiguration</string>
			<key>name</key>
			<string>Release</string>
		</dict>
		<key>BAFC801E195F72D200E7B494</key>
		<dict>
			<key>children</key>
			<array>
				<string>BAFC8026195F761100E7B494</string>
				<string>BAFC8027195F761100E7B494</string>
				<string>BAFC801F195F731C00E7B494</string>
				<string>BAFC8020195F731C00E7B494</string>
				<string>BAFC8029195F767200E7B494</string>
				<string>BAFC8022195F759100E7B494</string>
				<string>BAFC803E195F888200E7B494</string>
			</array>
			<key>isa</key>
			<string>PBXGroup</string>
			<key>name</key>
			<string>imageFormView</string>
			<key>sourceTree</key>
			<string>&lt;group&gt;</string>
		</dict>
		<key>BAFC801F195F731C00E7B494</key>
		<dict>
			<key>fileEncoding</key>
			<string>4</string>
			<key>isa</key>
			<string>PBXFileReference</string>
			<key>lastKnownFileType</key>
			<string>sourcecode.c.h</string>
			<key>name</key>
			<string>InformationForm.h</string>
			<key>path</key>
			<string>FormClasses/InformationForm.h</string>
			<key>sourceTree</key>
			<string>&lt;group&gt;</string>
		</dict>
		<key>BAFC8020195F731C00E7B494</key>
		<dict>
			<key>fileEncoding</key>
			<string>4</string>
			<key>isa</key>
			<string>PBXFileReference</string>
			<key>lastKnownFileType</key>
			<string>sourcecode.c.objc</string>
			<key>name</key>
			<string>InformationForm.m</string>
			<key>path</key>
			<string>FormClasses/InformationForm.m</string>
			<key>sourceTree</key>
			<string>&lt;group&gt;</string>
		</dict>
		<key>BAFC8021195F731C00E7B494</key>
		<dict>
			<key>fileRef</key>
			<string>BAFC8020195F731C00E7B494</string>
			<key>isa</key>
			<string>PBXBuildFile</string>
		</dict>
		<key>BAFC8022195F759100E7B494</key>
		<dict>
			<key>children</key>
			<array>
				<string>BAFC803B195F7BCB00E7B494</string>
				<string>BAFC803C195F7BCB00E7B494</string>
			</array>
			<key>isa</key>
			<string>PBXGroup</string>
			<key>name</key>
			<string>Information Types</string>
			<key>sourceTree</key>
			<string>&lt;group&gt;</string>
		</dict>
		<key>BAFC8026195F761100E7B494</key>
		<dict>
			<key>fileEncoding</key>
			<string>4</string>
			<key>isa</key>
			<string>PBXFileReference</string>
			<key>lastKnownFileType</key>
			<string>sourcecode.c.h</string>
			<key>name</key>
			<string>ImageFormConstants.h</string>
			<key>path</key>
			<string>FormClasses/ImageFormConstants.h</string>
			<key>sourceTree</key>
			<string>&lt;group&gt;</string>
		</dict>
		<key>BAFC8027195F761100E7B494</key>
		<dict>
			<key>fileEncoding</key>
			<string>4</string>
			<key>isa</key>
			<string>PBXFileReference</string>
			<key>lastKnownFileType</key>
			<string>sourcecode.c.objc</string>
			<key>name</key>
			<string>ImageFormConstants.m</string>
			<key>path</key>
			<string>FormClasses/ImageFormConstants.m</string>
			<key>sourceTree</key>
			<string>&lt;group&gt;</string>
		</dict>
		<key>BAFC8028195F761100E7B494</key>
		<dict>
			<key>fileRef</key>
			<string>BAFC8027195F761100E7B494</string>
			<key>isa</key>
			<string>PBXBuildFile</string>
		</dict>
		<key>BAFC8029195F767200E7B494</key>
		<dict>
			<key>children</key>
			<array>
				<string>BAFC8052195F97D700E7B494</string>
				<string>BAFC8053195F97D700E7B494</string>
				<string>BAFC8054195F97D700E7B494</string>
				<string>BAFC802D195F777400E7B494</string>
				<string>BAFC802E195F777400E7B494</string>
				<string>BAFC802F195F777400E7B494</string>
			</array>
			<key>isa</key>
			<string>PBXGroup</string>
			<key>name</key>
			<string>Cell Types</string>
			<key>sourceTree</key>
			<string>&lt;group&gt;</string>
		</dict>
		<key>BAFC802D195F777400E7B494</key>
		<dict>
			<key>fileEncoding</key>
			<string>4</string>
			<key>isa</key>
			<string>PBXFileReference</string>
			<key>lastKnownFileType</key>
			<string>sourcecode.c.h</string>
			<key>name</key>
			<string>DateCell.h</string>
			<key>path</key>
			<string>FormClasses/Cells/DateCell.h</string>
			<key>sourceTree</key>
			<string>&lt;group&gt;</string>
		</dict>
		<key>BAFC802E195F777400E7B494</key>
		<dict>
			<key>fileEncoding</key>
			<string>4</string>
			<key>isa</key>
			<string>PBXFileReference</string>
			<key>lastKnownFileType</key>
			<string>sourcecode.c.objc</string>
			<key>name</key>
			<string>DateCell.m</string>
			<key>path</key>
			<string>FormClasses/Cells/DateCell.m</string>
			<key>sourceTree</key>
			<string>&lt;group&gt;</string>
		</dict>
		<key>BAFC802F195F777400E7B494</key>
		<dict>
			<key>fileEncoding</key>
			<string>4</string>
			<key>isa</key>
			<string>PBXFileReference</string>
			<key>lastKnownFileType</key>
			<string>file.xib</string>
			<key>name</key>
			<string>DateCell.xib</string>
			<key>path</key>
			<string>FormClasses/Cells/DateCell.xib</string>
			<key>sourceTree</key>
			<string>&lt;group&gt;</string>
		</dict>
		<key>BAFC8030195F777400E7B494</key>
		<dict>
			<key>fileRef</key>
			<string>BAFC802E195F777400E7B494</string>
			<key>isa</key>
			<string>PBXBuildFile</string>
		</dict>
		<key>BAFC8031195F777400E7B494</key>
		<dict>
			<key>fileRef</key>
			<string>BAFC802F195F777400E7B494</string>
			<key>isa</key>
			<string>PBXBuildFile</string>
		</dict>
		<key>BAFC803B195F7BCB00E7B494</key>
		<dict>
			<key>fileEncoding</key>
			<string>4</string>
			<key>isa</key>
			<string>PBXFileReference</string>
			<key>lastKnownFileType</key>
			<string>sourcecode.c.h</string>
			<key>name</key>
			<string>CellInformation.h</string>
			<key>path</key>
			<string>FormClasses/CellInformation.h</string>
			<key>sourceTree</key>
			<string>&lt;group&gt;</string>
		</dict>
		<key>BAFC803C195F7BCB00E7B494</key>
		<dict>
			<key>fileEncoding</key>
			<string>4</string>
			<key>isa</key>
			<string>PBXFileReference</string>
			<key>lastKnownFileType</key>
			<string>sourcecode.c.objc</string>
			<key>name</key>
			<string>CellInformation.m</string>
			<key>path</key>
			<string>FormClasses/CellInformation.m</string>
			<key>sourceTree</key>
			<string>&lt;group&gt;</string>
		</dict>
		<key>BAFC803D195F7BCB00E7B494</key>
		<dict>
			<key>fileRef</key>
			<string>BAFC803C195F7BCB00E7B494</string>
			<key>isa</key>
			<string>PBXBuildFile</string>
		</dict>
		<key>BAFC803E195F888200E7B494</key>
		<dict>
			<key>children</key>
			<array>
				<string>BAFC804A195F90AC00E7B494</string>
				<string>BAFC804B195F90AC00E7B494</string>
				<string>BAFC8042195F898900E7B494</string>
				<string>BAFC8043195F898900E7B494</string>
			</array>
			<key>isa</key>
			<string>PBXGroup</string>
			<key>name</key>
			<string>Utilities</string>
			<key>sourceTree</key>
			<string>&lt;group&gt;</string>
		</dict>
		<key>BAFC8042195F898900E7B494</key>
		<dict>
			<key>fileEncoding</key>
			<string>4</string>
			<key>isa</key>
			<string>PBXFileReference</string>
			<key>lastKnownFileType</key>
			<string>sourcecode.c.h</string>
			<key>name</key>
			<string>NSDate+timelineStuff.h</string>
			<key>path</key>
			<string>FormClasses/Utilities/NSDate+timelineStuff.h</string>
			<key>sourceTree</key>
			<string>&lt;group&gt;</string>
		</dict>
		<key>BAFC8043195F898900E7B494</key>
		<dict>
			<key>fileEncoding</key>
			<string>4</string>
			<key>isa</key>
			<string>PBXFileReference</string>
			<key>lastKnownFileType</key>
			<string>sourcecode.c.objc</string>
			<key>name</key>
			<string>NSDate+timelineStuff.m</string>
			<key>path</key>
			<string>FormClasses/Utilities/NSDate+timelineStuff.m</string>
			<key>sourceTree</key>
			<string>&lt;group&gt;</string>
		</dict>
		<key>BAFC8044195F898900E7B494</key>
		<dict>
			<key>fileRef</key>
			<string>BAFC8043195F898900E7B494</string>
			<key>isa</key>
			<string>PBXBuildFile</string>
		</dict>
		<key>BAFC804A195F90AC00E7B494</key>
		<dict>
			<key>fileEncoding</key>
			<string>4</string>
			<key>isa</key>
			<string>PBXFileReference</string>
			<key>lastKnownFileType</key>
			<string>sourcecode.c.h</string>
			<key>name</key>
			<string>Styler.h</string>
			<key>path</key>
			<string>FormClasses/Utilities/Styler.h</string>
			<key>sourceTree</key>
			<string>&lt;group&gt;</string>
		</dict>
		<key>BAFC804B195F90AC00E7B494</key>
		<dict>
			<key>fileEncoding</key>
			<string>4</string>
			<key>isa</key>
			<string>PBXFileReference</string>
			<key>lastKnownFileType</key>
			<string>sourcecode.c.objc</string>
			<key>name</key>
			<string>Styler.m</string>
			<key>path</key>
			<string>FormClasses/Utilities/Styler.m</string>
			<key>sourceTree</key>
			<string>&lt;group&gt;</string>
		</dict>
		<key>BAFC804C195F90AC00E7B494</key>
		<dict>
			<key>fileRef</key>
			<string>BAFC804B195F90AC00E7B494</string>
			<key>isa</key>
			<string>PBXBuildFile</string>
		</dict>
		<key>BAFC8052195F97D700E7B494</key>
		<dict>
			<key>fileEncoding</key>
			<string>4</string>
			<key>isa</key>
			<string>PBXFileReference</string>
			<key>lastKnownFileType</key>
			<string>file.xib</string>
			<key>name</key>
			<string>BasicCell.xib</string>
			<key>path</key>
			<string>FormClasses/Cells/BasicCell.xib</string>
			<key>sourceTree</key>
			<string>&lt;group&gt;</string>
		</dict>
		<key>BAFC8053195F97D700E7B494</key>
		<dict>
			<key>fileEncoding</key>
			<string>4</string>
			<key>isa</key>
			<string>PBXFileReference</string>
			<key>lastKnownFileType</key>
			<string>sourcecode.c.h</string>
			<key>name</key>
			<string>BasicCell.h</string>
			<key>path</key>
			<string>FormClasses/Cells/BasicCell.h</string>
			<key>sourceTree</key>
			<string>&lt;group&gt;</string>
		</dict>
		<key>BAFC8054195F97D700E7B494</key>
		<dict>
			<key>fileEncoding</key>
			<string>4</string>
			<key>isa</key>
			<string>PBXFileReference</string>
			<key>lastKnownFileType</key>
			<string>sourcecode.c.objc</string>
			<key>name</key>
			<string>BasicCell.m</string>
			<key>path</key>
			<string>FormClasses/Cells/BasicCell.m</string>
			<key>sourceTree</key>
			<string>&lt;group&gt;</string>
		</dict>
		<key>BAFC8055195F97D700E7B494</key>
		<dict>
			<key>fileRef</key>
			<string>BAFC8052195F97D700E7B494</string>
			<key>isa</key>
			<string>PBXBuildFile</string>
		</dict>
		<key>BAFC8056195F97D700E7B494</key>
		<dict>
			<key>fileRef</key>
			<string>BAFC8054195F97D700E7B494</string>
			<key>isa</key>
			<string>PBXBuildFile</string>
		</dict>
		<key>BFB327C7D8E1494A9A9C1400</key>
		<dict>
			<key>buildActionMask</key>
			<string>2147483647</string>
			<key>files</key>
			<array/>
			<key>inputPaths</key>
			<array/>
			<key>isa</key>
			<string>PBXShellScriptBuildPhase</string>
			<key>name</key>
			<string>Copy Pods Resources</string>
			<key>outputPaths</key>
			<array/>
			<key>runOnlyForDeploymentPostprocessing</key>
			<string>0</string>
			<key>shellPath</key>
			<string>/bin/sh</string>
			<key>shellScript</key>
			<string>"${SRCROOT}/Pods/Pods-resources.sh"
</string>
			<key>showEnvVarsInLog</key>
			<string>0</string>
		</dict>
		<key>E1C90B2DBD554EDA96A62F52</key>
		<dict>
			<key>buildActionMask</key>
			<string>2147483647</string>
			<key>files</key>
			<array/>
			<key>inputPaths</key>
			<array/>
			<key>isa</key>
			<string>PBXShellScriptBuildPhase</string>
			<key>name</key>
			<string>Check Pods Manifest.lock</string>
			<key>outputPaths</key>
			<array/>
			<key>runOnlyForDeploymentPostprocessing</key>
			<string>0</string>
			<key>shellPath</key>
			<string>/bin/sh</string>
			<key>shellScript</key>
			<string>diff "${PODS_ROOT}/../Podfile.lock" "${PODS_ROOT}/Manifest.lock" &gt; /dev/null
if [[ $? != 0 ]] ; then
    cat &lt;&lt; EOM
error: The sandbox is not in sync with the Podfile.lock. Run 'pod install' or update your CocoaPods installation.
EOM
    exit 1
fi
</string>
			<key>showEnvVarsInLog</key>
			<string>0</string>
		</dict>
	</dict>
	<key>rootObject</key>
	<string>BAFC7FDE195F6F6F00E7B494</string>
</dict>
</plist>
